
Microsoft Visual Studio Solution File, Format Version 12.00
# Visual Studio Version 16
VisualStudioVersion = 16.0.32228.343
MinimumVisualStudioVersion = 10.0.40219.1
Project("{FAE04EC0-301F-11D3-BF4B-00C04F79EFBC}") = "Lab01-01", "Lab01-01.csproj", "{9463B7CB-E21E-43F6-948B-8A6D42669357}"
EndProject
Project("{FAE04EC0-301F-11D3-BF4B-00C04F79EFBC}") = "WindowsFormsApp1", "..\WindowsFormsApp1\WindowsFormsApp1.csproj", "{317F01F9-7FBD-4CCB-A376-08B22FE41389}"
EndProject
Global
	GlobalSection(SolutionConfigurationPlatforms) = preSolution
		Debug|Any CPU = Debug|Any CPU
		Release|Any CPU = Release|Any CPU
	EndGlobalSection
	GlobalSection(ProjectConfigurationPlatforms) = postSolution
		{9463B7CB-E21E-43F6-948B-8A6D42669357}.Debug|Any CPU.ActiveCfg = Debug|Any CPU
		{9463B7CB-E21E-43F6-948B-8A6D42669357}.Debug|Any CPU.Build.0 = Debug|Any CPU
		{9463B7CB-E21E-43F6-948B-8A6D42669357}.Release|Any CPU.ActiveCfg = Release|Any CPU
		{9463B7CB-E21E-43F6-948B-8A6D42669357}.Release|Any CPU.Build.0 = Release|Any CPU
		{317F01F9-7FBD-4CCB-A376-08B22FE41389}.Debug|Any CPU.ActiveCfg = Debug|Any CPU
		{317F01F9-7FBD-4CCB-A376-08B22FE41389}.Debug|Any CPU.Build.0 = Debug|Any CPU
		{317F01F9-7FBD-4CCB-A376-08B22FE41389}.Release|Any CPU.ActiveCfg = Release|Any CPU
		{317F01F9-7FBD-4CCB-A376-08B22FE41389}.Release|Any CPU.Build.0 = Release|Any CPU
	EndGlobalSection
	GlobalSection(SolutionProperties) = preSolution
		HideSolutionNode = FALSE
	EndGlobalSection
	GlobalSection(ExtensibilityGlobals) = postSolution
		SolutionGuid = {A5F8B1D9-0AAB-46ED-B8FD-1BA1FE71BB10}
	EndGlobalSection
EndGlobal
